// !$*UTF8*$!
{
	archiveVersion = 1;
	classes = {
	};
	objectVersion = 56;
	objects = {

/* Begin PBXBuildFile section */
		DB1C62312AA240CD00B9CE37 /* FirebaseAnalytics in Frameworks */ = {isa = PBXBuildFile; productRef = DB1C62302AA240CD00B9CE37 /* FirebaseAnalytics */; };
		DB1C62332AA240CD00B9CE37 /* FirebaseAuth in Frameworks */ = {isa = PBXBuildFile; productRef = DB1C62322AA240CD00B9CE37 /* FirebaseAuth */; };
		DB1C62352AA240CD00B9CE37 /* FirebaseFirestore in Frameworks */ = {isa = PBXBuildFile; productRef = DB1C62342AA240CD00B9CE37 /* FirebaseFirestore */; };
		DB1C62372AA240CD00B9CE37 /* FirebaseFirestoreSwift in Frameworks */ = {isa = PBXBuildFile; productRef = DB1C62362AA240CD00B9CE37 /* FirebaseFirestoreSwift */; };
		DB1C62392AA240CD00B9CE37 /* FirebaseFunctions in Frameworks */ = {isa = PBXBuildFile; productRef = DB1C62382AA240CD00B9CE37 /* FirebaseFunctions */; };
		DB1C623B2AA240CD00B9CE37 /* FirebaseStorage in Frameworks */ = {isa = PBXBuildFile; productRef = DB1C623A2AA240CD00B9CE37 /* FirebaseStorage */; };
		DB27F8EE2AAAD3A5004D8EE1 /* GoogleService-Info.plist in Resources */ = {isa = PBXBuildFile; fileRef = DB27F8ED2AAAD3A5004D8EE1 /* GoogleService-Info.plist */; };
		DB295E2D2AB9551900FE03E1 /* ProspectView.swift in Sources */ = {isa = PBXBuildFile; fileRef = DB295E2C2AB9551900FE03E1 /* ProspectView.swift */; };
		DB6005FD2AB93A9200D4236A /* HomePageView.swift in Sources */ = {isa = PBXBuildFile; fileRef = DB6005FC2AB93A9200D4236A /* HomePageView.swift */; };
		DB8E3F8B2AB50578005AFDE1 /* Validators.swift in Sources */ = {isa = PBXBuildFile; fileRef = DB8E3F8A2AB50578005AFDE1 /* Validators.swift */; };
		DB8E3F8D2AB5142D005AFDE1 /* AuthController.swift in Sources */ = {isa = PBXBuildFile; fileRef = DB8E3F8C2AB5142D005AFDE1 /* AuthController.swift */; };
		DB8E3F912AB54B13005AFDE1 /* ForgetPasswordView.swift in Sources */ = {isa = PBXBuildFile; fileRef = DB8E3F902AB54B13005AFDE1 /* ForgetPasswordView.swift */; };
		DB8E3F942AB54C8C005AFDE1 /* ForgetPasswordFormView.swift in Sources */ = {isa = PBXBuildFile; fileRef = DB8E3F932AB54C8C005AFDE1 /* ForgetPasswordFormView.swift */; };
		DBA2298F2AA1B28D00D69575 /* SignUpView.swift in Sources */ = {isa = PBXBuildFile; fileRef = DBA2298E2AA1B28D00D69575 /* SignUpView.swift */; };
		DBA229922AA1B49E00D69575 /* EmailSignUpFormView.swift in Sources */ = {isa = PBXBuildFile; fileRef = DBA229912AA1B49E00D69575 /* EmailSignUpFormView.swift */; };
		DBA229962AA1B6BE00D69575 /* SafariView.swift in Sources */ = {isa = PBXBuildFile; fileRef = DBA229952AA1B6BE00D69575 /* SafariView.swift */; };
		DBA229982AA1BA1800D69575 /* CheckboxView.swift in Sources */ = {isa = PBXBuildFile; fileRef = DBA229972AA1BA1800D69575 /* CheckboxView.swift */; };
		DBF6DFD92AA17F7D006548E7 /* ChordShopApp.swift in Sources */ = {isa = PBXBuildFile; fileRef = DBF6DFD82AA17F7D006548E7 /* ChordShopApp.swift */; };
		DBF6DFDB2AA17F7D006548E7 /* ContentView.swift in Sources */ = {isa = PBXBuildFile; fileRef = DBF6DFDA2AA17F7D006548E7 /* ContentView.swift */; };
		DBF6DFDD2AA17F7E006548E7 /* Assets.xcassets in Resources */ = {isa = PBXBuildFile; fileRef = DBF6DFDC2AA17F7E006548E7 /* Assets.xcassets */; };
		DBF6DFE02AA17F7E006548E7 /* Preview Assets.xcassets in Resources */ = {isa = PBXBuildFile; fileRef = DBF6DFDF2AA17F7E006548E7 /* Preview Assets.xcassets */; };
		DBF6DFEA2AA18956006548E7 /* Localizable.strings in Resources */ = {isa = PBXBuildFile; fileRef = DBF6DFEC2AA18956006548E7 /* Localizable.strings */; };
		DBF6DFF02AA18D2F006548E7 /* GradientTextFieldBackground.swift in Sources */ = {isa = PBXBuildFile; fileRef = DBF6DFEF2AA18D2F006548E7 /* GradientTextFieldBackground.swift */; };
		DBF6DFF52AA18F32006548E7 /* GradientButtonView.swift in Sources */ = {isa = PBXBuildFile; fileRef = DBF6DFF42AA18F32006548E7 /* GradientButtonView.swift */; };
		DBF6DFF82AA196B3006548E7 /* EmailLoginView.swift in Sources */ = {isa = PBXBuildFile; fileRef = DBF6DFF72AA196B3006548E7 /* EmailLoginView.swift */; };
/* End PBXBuildFile section */

/* Begin PBXFileReference section */
		DB27F8ED2AAAD3A5004D8EE1 /* GoogleService-Info.plist */ = {isa = PBXFileReference; fileEncoding = 4; lastKnownFileType = text.plist.xml; name = "GoogleService-Info.plist"; path = "../../../../../../Downloads/GoogleService-Info.plist"; sourceTree = "<group>"; };
		DB295E2C2AB9551900FE03E1 /* ProspectView.swift */ = {isa = PBXFileReference; lastKnownFileType = sourcecode.swift; path = ProspectView.swift; sourceTree = "<group>"; };
		DB295E3B2AB97A3200FE03E1 /* Info.plist */ = {isa = PBXFileReference; lastKnownFileType = text.plist; path = Info.plist; sourceTree = "<group>"; };
		DB6005FC2AB93A9200D4236A /* HomePageView.swift */ = {isa = PBXFileReference; lastKnownFileType = sourcecode.swift; path = HomePageView.swift; sourceTree = "<group>"; };
		DB8E3F8A2AB50578005AFDE1 /* Validators.swift */ = {isa = PBXFileReference; lastKnownFileType = sourcecode.swift; path = Validators.swift; sourceTree = "<group>"; };
		DB8E3F8C2AB5142D005AFDE1 /* AuthController.swift */ = {isa = PBXFileReference; lastKnownFileType = sourcecode.swift; path = AuthController.swift; sourceTree = "<group>"; };
		DB8E3F902AB54B13005AFDE1 /* ForgetPasswordView.swift */ = {isa = PBXFileReference; lastKnownFileType = sourcecode.swift; path = ForgetPasswordView.swift; sourceTree = "<group>"; };
		DB8E3F932AB54C8C005AFDE1 /* ForgetPasswordFormView.swift */ = {isa = PBXFileReference; lastKnownFileType = sourcecode.swift; path = ForgetPasswordFormView.swift; sourceTree = "<group>"; };
		DBA2298E2AA1B28D00D69575 /* SignUpView.swift */ = {isa = PBXFileReference; lastKnownFileType = sourcecode.swift; path = SignUpView.swift; sourceTree = "<group>"; };
		DBA229912AA1B49E00D69575 /* EmailSignUpFormView.swift */ = {isa = PBXFileReference; lastKnownFileType = sourcecode.swift; path = EmailSignUpFormView.swift; sourceTree = "<group>"; };
		DBA229952AA1B6BE00D69575 /* SafariView.swift */ = {isa = PBXFileReference; lastKnownFileType = sourcecode.swift; path = SafariView.swift; sourceTree = "<group>"; };
		DBA229972AA1BA1800D69575 /* CheckboxView.swift */ = {isa = PBXFileReference; lastKnownFileType = sourcecode.swift; path = CheckboxView.swift; sourceTree = "<group>"; };
		DBF6DFD52AA17F7D006548E7 /* ChordShop.app */ = {isa = PBXFileReference; explicitFileType = wrapper.application; includeInIndex = 0; path = ChordShop.app; sourceTree = BUILT_PRODUCTS_DIR; };
		DBF6DFD82AA17F7D006548E7 /* ChordShopApp.swift */ = {isa = PBXFileReference; lastKnownFileType = sourcecode.swift; path = ChordShopApp.swift; sourceTree = "<group>"; };
		DBF6DFDA2AA17F7D006548E7 /* ContentView.swift */ = {isa = PBXFileReference; lastKnownFileType = sourcecode.swift; path = ContentView.swift; sourceTree = "<group>"; };
		DBF6DFDC2AA17F7E006548E7 /* Assets.xcassets */ = {isa = PBXFileReference; lastKnownFileType = folder.assetcatalog; path = Assets.xcassets; sourceTree = "<group>"; };
		DBF6DFDF2AA17F7E006548E7 /* Preview Assets.xcassets */ = {isa = PBXFileReference; lastKnownFileType = folder.assetcatalog; path = "Preview Assets.xcassets"; sourceTree = "<group>"; };
		DBF6DFEB2AA18956006548E7 /* pt-BR */ = {isa = PBXFileReference; fileEncoding = 4; lastKnownFileType = text.plist.strings; name = "pt-BR"; path = "pt-BR.lproj/Localizable.strings"; sourceTree = "<group>"; };
		DBF6DFED2AA1895A006548E7 /* en */ = {isa = PBXFileReference; fileEncoding = 4; lastKnownFileType = text.plist.strings; name = en; path = en.lproj/Localizable.strings; sourceTree = "<group>"; };
		DBF6DFEF2AA18D2F006548E7 /* GradientTextFieldBackground.swift */ = {isa = PBXFileReference; lastKnownFileType = sourcecode.swift; path = GradientTextFieldBackground.swift; sourceTree = "<group>"; };
		DBF6DFF42AA18F32006548E7 /* GradientButtonView.swift */ = {isa = PBXFileReference; lastKnownFileType = sourcecode.swift; path = GradientButtonView.swift; sourceTree = "<group>"; };
		DBF6DFF72AA196B3006548E7 /* EmailLoginView.swift */ = {isa = PBXFileReference; lastKnownFileType = sourcecode.swift; path = EmailLoginView.swift; sourceTree = "<group>"; };
/* End PBXFileReference section */

/* Begin PBXFrameworksBuildPhase section */
		DBF6DFD22AA17F7D006548E7 /* Frameworks */ = {
			isa = PBXFrameworksBuildPhase;
			buildActionMask = 2147483647;
			files = (
				DB1C62312AA240CD00B9CE37 /* FirebaseAnalytics in Frameworks */,
				DB1C62332AA240CD00B9CE37 /* FirebaseAuth in Frameworks */,
				DB1C62392AA240CD00B9CE37 /* FirebaseFunctions in Frameworks */,
				DB1C62352AA240CD00B9CE37 /* FirebaseFirestore in Frameworks */,
				DB1C62372AA240CD00B9CE37 /* FirebaseFirestoreSwift in Frameworks */,
				DB1C623B2AA240CD00B9CE37 /* FirebaseStorage in Frameworks */,
			);
			runOnlyForDeploymentPostprocessing = 0;
		};
/* End PBXFrameworksBuildPhase section */

/* Begin PBXGroup section */
		DB295E302AB95B7100FE03E1 /* Models */ = {
			isa = PBXGroup;
			children = (
			);
			path = Models;
			sourceTree = "<group>";
		};
		DB6005FE2AB93EE300D4236A /* HomePage */ = {
			isa = PBXGroup;
			children = (
				DB295E2C2AB9551900FE03E1 /* ProspectView.swift */,
			);
			path = HomePage;
			sourceTree = "<group>";
		};
		DB8E3F892AB5053B005AFDE1 /* Utils */ = {
			isa = PBXGroup;
			children = (
				DB8E3F8A2AB50578005AFDE1 /* Validators.swift */,
			);
			path = Utils;
			sourceTree = "<group>";
		};
		DB8E3F922AB54C5F005AFDE1 /* ForgetPassword */ = {
			isa = PBXGroup;
			children = (
				DB8E3F932AB54C8C005AFDE1 /* ForgetPasswordFormView.swift */,
			);
			path = ForgetPassword;
			sourceTree = "<group>";
		};
		DBA229902AA1B48D00D69575 /* SignUp */ = {
			isa = PBXGroup;
			children = (
				DBA229912AA1B49E00D69575 /* EmailSignUpFormView.swift */,
			);
			path = SignUp;
			sourceTree = "<group>";
		};
		DBA344D42AB7918B00EB3627 /* Controllers */ = {
			isa = PBXGroup;
			children = (
				DB8E3F8C2AB5142D005AFDE1 /* AuthController.swift */,
			);
			path = Controllers;
			sourceTree = "<group>";
		};
		DBF6DFCC2AA17F7D006548E7 = {
			isa = PBXGroup;
			children = (
				DBF6DFD72AA17F7D006548E7 /* ChordShop */,
				DBF6DFD62AA17F7D006548E7 /* Products */,
			);
			sourceTree = "<group>";
		};
		DBF6DFD62AA17F7D006548E7 /* Products */ = {
			isa = PBXGroup;
			children = (
				DBF6DFD52AA17F7D006548E7 /* ChordShop.app */,
			);
			name = Products;
			sourceTree = "<group>";
		};
		DBF6DFD72AA17F7D006548E7 /* ChordShop */ = {
			isa = PBXGroup;
			children = (
				DB295E3B2AB97A3200FE03E1 /* Info.plist */,
				DB295E302AB95B7100FE03E1 /* Models */,
				DBA344D42AB7918B00EB3627 /* Controllers */,
				DBF6DFDE2AA17F7E006548E7 /* Preview Content */,
				DB27F8ED2AAAD3A5004D8EE1 /* GoogleService-Info.plist */,
				DB8E3F892AB5053B005AFDE1 /* Utils */,
				DBF6DFE62AA1882C006548E7 /* Views */,
				DBF6DFD82AA17F7D006548E7 /* ChordShopApp.swift */,
				DBF6DFDC2AA17F7E006548E7 /* Assets.xcassets */,
				DBF6DFEC2AA18956006548E7 /* Localizable.strings */,
			);
			path = ChordShop;
			sourceTree = "<group>";
		};
		DBF6DFDE2AA17F7E006548E7 /* Preview Content */ = {
			isa = PBXGroup;
			children = (
				DBF6DFDF2AA17F7E006548E7 /* Preview Assets.xcassets */,
			);
			path = "Preview Content";
			sourceTree = "<group>";
		};
		DBF6DFE62AA1882C006548E7 /* Views */ = {
			isa = PBXGroup;
			children = (
				DB6005FE2AB93EE300D4236A /* HomePage */,
				DB8E3F922AB54C5F005AFDE1 /* ForgetPassword */,
				DBA229902AA1B48D00D69575 /* SignUp */,
				DBF6DFF62AA19688006548E7 /* SignIn */,
				DBF6DFF12AA18EAC006548E7 /* Components */,
				DBF6DFEE2AA18D0D006548E7 /* ViewHelpers */,
				DBA2298E2AA1B28D00D69575 /* SignUpView.swift */,
				DBF6DFDA2AA17F7D006548E7 /* ContentView.swift */,
				DB8E3F902AB54B13005AFDE1 /* ForgetPasswordView.swift */,
				DB6005FC2AB93A9200D4236A /* HomePageView.swift */,
			);
			path = Views;
			sourceTree = "<group>";
		};
		DBF6DFEE2AA18D0D006548E7 /* ViewHelpers */ = {
			isa = PBXGroup;
			children = (
				DBF6DFEF2AA18D2F006548E7 /* GradientTextFieldBackground.swift */,
			);
			path = ViewHelpers;
			sourceTree = "<group>";
		};
		DBF6DFF12AA18EAC006548E7 /* Components */ = {
			isa = PBXGroup;
			children = (
				DBF6DFF42AA18F32006548E7 /* GradientButtonView.swift */,
				DBA229952AA1B6BE00D69575 /* SafariView.swift */,
				DBA229972AA1BA1800D69575 /* CheckboxView.swift */,
			);
			path = Components;
			sourceTree = "<group>";
		};
		DBF6DFF62AA19688006548E7 /* SignIn */ = {
			isa = PBXGroup;
			children = (
				DBF6DFF72AA196B3006548E7 /* EmailLoginView.swift */,
			);
			path = SignIn;
			sourceTree = "<group>";
		};
/* End PBXGroup section */

/* Begin PBXNativeTarget section */
		DBF6DFD42AA17F7D006548E7 /* ChordShop */ = {
			isa = PBXNativeTarget;
			buildConfigurationList = DBF6DFE32AA17F7E006548E7 /* Build configuration list for PBXNativeTarget "ChordShop" */;
			buildPhases = (
				DBF6DFD12AA17F7D006548E7 /* Sources */,
				DBF6DFD22AA17F7D006548E7 /* Frameworks */,
				DBF6DFD32AA17F7D006548E7 /* Resources */,
			);
			buildRules = (
			);
			dependencies = (
			);
			name = ChordShop;
			packageProductDependencies = (
				DB1C62302AA240CD00B9CE37 /* FirebaseAnalytics */,
				DB1C62322AA240CD00B9CE37 /* FirebaseAuth */,
				DB1C62342AA240CD00B9CE37 /* FirebaseFirestore */,
				DB1C62362AA240CD00B9CE37 /* FirebaseFirestoreSwift */,
				DB1C62382AA240CD00B9CE37 /* FirebaseFunctions */,
				DB1C623A2AA240CD00B9CE37 /* FirebaseStorage */,
			);
			productName = ChordShop;
			productReference = DBF6DFD52AA17F7D006548E7 /* ChordShop.app */;
			productType = "com.apple.product-type.application";
		};
/* End PBXNativeTarget section */

/* Begin PBXProject section */
		DBF6DFCD2AA17F7D006548E7 /* Project object */ = {
			isa = PBXProject;
			attributes = {
				BuildIndependentTargetsInParallel = 1;
				LastSwiftUpdateCheck = 1430;
				LastUpgradeCheck = 1430;
				TargetAttributes = {
					DBF6DFD42AA17F7D006548E7 = {
						CreatedOnToolsVersion = 14.3.1;
					};
				};
			};
			buildConfigurationList = DBF6DFD02AA17F7D006548E7 /* Build configuration list for PBXProject "ChordShop" */;
			compatibilityVersion = "Xcode 14.0";
			developmentRegion = "pt-BR";
			hasScannedForEncodings = 0;
			knownRegions = (
				en,
				Base,
				"pt-BR",
			);
			mainGroup = DBF6DFCC2AA17F7D006548E7;
			packageReferences = (
				DB1C622F2AA240CD00B9CE37 /* XCRemoteSwiftPackageReference "firebase-ios-sdk" */,
			);
			productRefGroup = DBF6DFD62AA17F7D006548E7 /* Products */;
			projectDirPath = "";
			projectRoot = "";
			targets = (
				DBF6DFD42AA17F7D006548E7 /* ChordShop */,
			);
		};
/* End PBXProject section */

/* Begin PBXResourcesBuildPhase section */
		DBF6DFD32AA17F7D006548E7 /* Resources */ = {
			isa = PBXResourcesBuildPhase;
			buildActionMask = 2147483647;
			files = (
				DBF6DFE02AA17F7E006548E7 /* Preview Assets.xcassets in Resources */,
				DB27F8EE2AAAD3A5004D8EE1 /* GoogleService-Info.plist in Resources */,
				DBF6DFEA2AA18956006548E7 /* Localizable.strings in Resources */,
				DBF6DFDD2AA17F7E006548E7 /* Assets.xcassets in Resources */,
			);
			runOnlyForDeploymentPostprocessing = 0;
		};
/* End PBXResourcesBuildPhase section */

/* Begin PBXSourcesBuildPhase section */
		DBF6DFD12AA17F7D006548E7 /* Sources */ = {
			isa = PBXSourcesBuildPhase;
			buildActionMask = 2147483647;
			files = (
				DB8E3F8D2AB5142D005AFDE1 /* AuthController.swift in Sources */,
				DBA229962AA1B6BE00D69575 /* SafariView.swift in Sources */,
				DBF6DFDB2AA17F7D006548E7 /* ContentView.swift in Sources */,
				DBA229982AA1BA1800D69575 /* CheckboxView.swift in Sources */,
				DB8E3F912AB54B13005AFDE1 /* ForgetPasswordView.swift in Sources */,
				DB8E3F8B2AB50578005AFDE1 /* Validators.swift in Sources */,
				DBF6DFF52AA18F32006548E7 /* GradientButtonView.swift in Sources */,
				DBA2298F2AA1B28D00D69575 /* SignUpView.swift in Sources */,
				DBF6DFD92AA17F7D006548E7 /* ChordShopApp.swift in Sources */,
				DB295E2D2AB9551900FE03E1 /* ProspectView.swift in Sources */,
				DBF6DFF02AA18D2F006548E7 /* GradientTextFieldBackground.swift in Sources */,
				DB8E3F942AB54C8C005AFDE1 /* ForgetPasswordFormView.swift in Sources */,
				DBF6DFF82AA196B3006548E7 /* EmailLoginView.swift in Sources */,
				DB6005FD2AB93A9200D4236A /* HomePageView.swift in Sources */,
				DBA229922AA1B49E00D69575 /* EmailSignUpFormView.swift in Sources */,
			);
			runOnlyForDeploymentPostprocessing = 0;
		};
/* End PBXSourcesBuildPhase section */

/* Begin PBXVariantGroup section */
		DBF6DFEC2AA18956006548E7 /* Localizable.strings */ = {
			isa = PBXVariantGroup;
			children = (
				DBF6DFEB2AA18956006548E7 /* pt-BR */,
				DBF6DFED2AA1895A006548E7 /* en */,
			);
			name = Localizable.strings;
			sourceTree = "<group>";
		};
/* End PBXVariantGroup section */

/* Begin XCBuildConfiguration section */
		DBF6DFE12AA17F7E006548E7 /* Debug */ = {
			isa = XCBuildConfiguration;
			buildSettings = {
				ALWAYS_SEARCH_USER_PATHS = NO;
				CLANG_ANALYZER_NONNULL = YES;
				CLANG_ANALYZER_NUMBER_OBJECT_CONVERSION = YES_AGGRESSIVE;
				CLANG_CXX_LANGUAGE_STANDARD = "gnu++20";
				CLANG_ENABLE_MODULES = YES;
				CLANG_ENABLE_OBJC_ARC = YES;
				CLANG_ENABLE_OBJC_WEAK = YES;
				CLANG_WARN_BLOCK_CAPTURE_AUTORELEASING = YES;
				CLANG_WARN_BOOL_CONVERSION = YES;
				CLANG_WARN_COMMA = YES;
				CLANG_WARN_CONSTANT_CONVERSION = YES;
				CLANG_WARN_DEPRECATED_OBJC_IMPLEMENTATIONS = YES;
				CLANG_WARN_DIRECT_OBJC_ISA_USAGE = YES_ERROR;
				CLANG_WARN_DOCUMENTATION_COMMENTS = YES;
				CLANG_WARN_EMPTY_BODY = YES;
				CLANG_WARN_ENUM_CONVERSION = YES;
				CLANG_WARN_INFINITE_RECURSION = YES;
				CLANG_WARN_INT_CONVERSION = YES;
				CLANG_WARN_NON_LITERAL_NULL_CONVERSION = YES;
				CLANG_WARN_OBJC_IMPLICIT_RETAIN_SELF = YES;
				CLANG_WARN_OBJC_LITERAL_CONVERSION = YES;
				CLANG_WARN_OBJC_ROOT_CLASS = YES_ERROR;
				CLANG_WARN_QUOTED_INCLUDE_IN_FRAMEWORK_HEADER = YES;
				CLANG_WARN_RANGE_LOOP_ANALYSIS = YES;
				CLANG_WARN_STRICT_PROTOTYPES = YES;
				CLANG_WARN_SUSPICIOUS_MOVE = YES;
				CLANG_WARN_UNGUARDED_AVAILABILITY = YES_AGGRESSIVE;
				CLANG_WARN_UNREACHABLE_CODE = YES;
				CLANG_WARN__DUPLICATE_METHOD_MATCH = YES;
				COPY_PHASE_STRIP = NO;
				DEBUG_INFORMATION_FORMAT = dwarf;
				ENABLE_STRICT_OBJC_MSGSEND = YES;
				ENABLE_TESTABILITY = YES;
				GCC_C_LANGUAGE_STANDARD = gnu11;
				GCC_DYNAMIC_NO_PIC = NO;
				GCC_NO_COMMON_BLOCKS = YES;
				GCC_OPTIMIZATION_LEVEL = 0;
				GCC_PREPROCESSOR_DEFINITIONS = (
					"DEBUG=1",
					"$(inherited)",
				);
				GCC_WARN_64_TO_32_BIT_CONVERSION = YES;
				GCC_WARN_ABOUT_RETURN_TYPE = YES_ERROR;
				GCC_WARN_UNDECLARED_SELECTOR = YES;
				GCC_WARN_UNINITIALIZED_AUTOS = YES_AGGRESSIVE;
				GCC_WARN_UNUSED_FUNCTION = YES;
				GCC_WARN_UNUSED_VARIABLE = YES;
				INFOPLIST_KEY_NSFaceIDUsageDescription = "Uses to user login";
				IPHONEOS_DEPLOYMENT_TARGET = 16.4;
				MTL_ENABLE_DEBUG_INFO = INCLUDE_SOURCE;
				MTL_FAST_MATH = YES;
				ONLY_ACTIVE_ARCH = YES;
				SDKROOT = iphoneos;
				SWIFT_ACTIVE_COMPILATION_CONDITIONS = DEBUG;
				SWIFT_OPTIMIZATION_LEVEL = "-Onone";
			};
			name = Debug;
		};
		DBF6DFE22AA17F7E006548E7 /* Release */ = {
			isa = XCBuildConfiguration;
			buildSettings = {
				ALWAYS_SEARCH_USER_PATHS = NO;
				CLANG_ANALYZER_NONNULL = YES;
				CLANG_ANALYZER_NUMBER_OBJECT_CONVERSION = YES_AGGRESSIVE;
				CLANG_CXX_LANGUAGE_STANDARD = "gnu++20";
				CLANG_ENABLE_MODULES = YES;
				CLANG_ENABLE_OBJC_ARC = YES;
				CLANG_ENABLE_OBJC_WEAK = YES;
				CLANG_WARN_BLOCK_CAPTURE_AUTORELEASING = YES;
				CLANG_WARN_BOOL_CONVERSION = YES;
				CLANG_WARN_COMMA = YES;
				CLANG_WARN_CONSTANT_CONVERSION = YES;
				CLANG_WARN_DEPRECATED_OBJC_IMPLEMENTATIONS = YES;
				CLANG_WARN_DIRECT_OBJC_ISA_USAGE = YES_ERROR;
				CLANG_WARN_DOCUMENTATION_COMMENTS = YES;
				CLANG_WARN_EMPTY_BODY = YES;
				CLANG_WARN_ENUM_CONVERSION = YES;
				CLANG_WARN_INFINITE_RECURSION = YES;
				CLANG_WARN_INT_CONVERSION = YES;
				CLANG_WARN_NON_LITERAL_NULL_CONVERSION = YES;
				CLANG_WARN_OBJC_IMPLICIT_RETAIN_SELF = YES;
				CLANG_WARN_OBJC_LITERAL_CONVERSION = YES;
				CLANG_WARN_OBJC_ROOT_CLASS = YES_ERROR;
				CLANG_WARN_QUOTED_INCLUDE_IN_FRAMEWORK_HEADER = YES;
				CLANG_WARN_RANGE_LOOP_ANALYSIS = YES;
				CLANG_WARN_STRICT_PROTOTYPES = YES;
				CLANG_WARN_SUSPICIOUS_MOVE = YES;
				CLANG_WARN_UNGUARDED_AVAILABILITY = YES_AGGRESSIVE;
				CLANG_WARN_UNREACHABLE_CODE = YES;
				CLANG_WARN__DUPLICATE_METHOD_MATCH = YES;
				COPY_PHASE_STRIP = NO;
				DEBUG_INFORMATION_FORMAT = "dwarf-with-dsym";
				ENABLE_NS_ASSERTIONS = NO;
				ENABLE_STRICT_OBJC_MSGSEND = YES;
				GCC_C_LANGUAGE_STANDARD = gnu11;
				GCC_NO_COMMON_BLOCKS = YES;
				GCC_WARN_64_TO_32_BIT_CONVERSION = YES;
				GCC_WARN_ABOUT_RETURN_TYPE = YES_ERROR;
				GCC_WARN_UNDECLARED_SELECTOR = YES;
				GCC_WARN_UNINITIALIZED_AUTOS = YES_AGGRESSIVE;
				GCC_WARN_UNUSED_FUNCTION = YES;
				GCC_WARN_UNUSED_VARIABLE = YES;
				INFOPLIST_KEY_NSFaceIDUsageDescription = "Uses to user login";
				IPHONEOS_DEPLOYMENT_TARGET = 16.4;
				MTL_ENABLE_DEBUG_INFO = NO;
				MTL_FAST_MATH = YES;
				SDKROOT = iphoneos;
				SWIFT_COMPILATION_MODE = wholemodule;
				SWIFT_OPTIMIZATION_LEVEL = "-O";
				VALIDATE_PRODUCT = YES;
			};
			name = Release;
		};
		DBF6DFE42AA17F7E006548E7 /* Debug */ = {
			isa = XCBuildConfiguration;
			buildSettings = {
				ASSETCATALOG_COMPILER_APPICON_NAME = AppIcon;
				ASSETCATALOG_COMPILER_GLOBAL_ACCENT_COLOR_NAME = AccentColor;
				CODE_SIGN_STYLE = Automatic;
				CURRENT_PROJECT_VERSION = 1;
				DEVELOPMENT_ASSET_PATHS = "\"ChordShop/Preview Content\"";
				ENABLE_PREVIEWS = YES;
				GENERATE_INFOPLIST_FILE = YES;
				INFOPLIST_FILE = ChordShop/Info.plist;
				INFOPLIST_KEY_UIApplicationSceneManifest_Generation = YES;
				INFOPLIST_KEY_UIApplicationSupportsIndirectInputEvents = YES;
				INFOPLIST_KEY_UILaunchScreen_Generation = YES;
				INFOPLIST_KEY_UIRequiresFullScreen = YES;
				INFOPLIST_KEY_UISupportedInterfaceOrientations = UIInterfaceOrientationPortrait;
				LD_RUNPATH_SEARCH_PATHS = (
					"$(inherited)",
					"@executable_path/Frameworks",
				);
				MARKETING_VERSION = 1.0;
				PRODUCT_BUNDLE_IDENTIFIER = com.P37R0L4.ChordShop;
				PRODUCT_NAME = "$(TARGET_NAME)";
				SUPPORTED_PLATFORMS = "iphoneos iphonesimulator";
				SUPPORTS_MACCATALYST = NO;
				SUPPORTS_MAC_DESIGNED_FOR_IPHONE_IPAD = NO;
				SWIFT_EMIT_LOC_STRINGS = YES;
				SWIFT_VERSION = 5.0;
				TARGETED_DEVICE_FAMILY = "1,2";
			};
			name = Debug;
		};
		DBF6DFE52AA17F7E006548E7 /* Release */ = {
			isa = XCBuildConfiguration;
			buildSettings = {
				ASSETCATALOG_COMPILER_APPICON_NAME = AppIcon;
				ASSETCATALOG_COMPILER_GLOBAL_ACCENT_COLOR_NAME = AccentColor;
				CODE_SIGN_STYLE = Automatic;
				CURRENT_PROJECT_VERSION = 1;
				DEVELOPMENT_ASSET_PATHS = "\"ChordShop/Preview Content\"";
				ENABLE_PREVIEWS = YES;
				GENERATE_INFOPLIST_FILE = YES;
				INFOPLIST_FILE = ChordShop/Info.plist;
				INFOPLIST_KEY_UIApplicationSceneManifest_Generation = YES;
				INFOPLIST_KEY_UIApplicationSupportsIndirectInputEvents = YES;
				INFOPLIST_KEY_UILaunchScreen_Generation = YES;
				INFOPLIST_KEY_UIRequiresFullScreen = YES;
				INFOPLIST_KEY_UISupportedInterfaceOrientations = UIInterfaceOrientationPortrait;
				LD_RUNPATH_SEARCH_PATHS = (
					"$(inherited)",
					"@executable_path/Frameworks",
				);
				MARKETING_VERSION = 1.0;
				PRODUCT_BUNDLE_IDENTIFIER = com.P37R0L4.ChordShop;
				PRODUCT_NAME = "$(TARGET_NAME)";
				SUPPORTED_PLATFORMS = "iphoneos iphonesimulator";
				SUPPORTS_MACCATALYST = NO;
				SUPPORTS_MAC_DESIGNED_FOR_IPHONE_IPAD = NO;
				SWIFT_EMIT_LOC_STRINGS = YES;
				SWIFT_VERSION = 5.0;
				TARGETED_DEVICE_FAMILY = "1,2";
			};
			name = Release;
		};
/* End XCBuildConfiguration section */

/* Begin XCConfigurationList section */
		DBF6DFD02AA17F7D006548E7 /* Build configuration list for PBXProject "ChordShop" */ = {
			isa = XCConfigurationList;
			buildConfigurations = (
				DBF6DFE12AA17F7E006548E7 /* Debug */,
				DBF6DFE22AA17F7E006548E7 /* Release */,
			);
			defaultConfigurationIsVisible = 0;
			defaultConfigurationName = Release;
		};
		DBF6DFE32AA17F7E006548E7 /* Build configuration list for PBXNativeTarget "ChordShop" */ = {
			isa = XCConfigurationList;
			buildConfigurations = (
				DBF6DFE42AA17F7E006548E7 /* Debug */,
				DBF6DFE52AA17F7E006548E7 /* Release */,
			);
			defaultConfigurationIsVisible = 0;
			defaultConfigurationName = Release;
		};
/* End XCConfigurationList section */

/* Begin XCRemoteSwiftPackageReference section */
		DB1C622F2AA240CD00B9CE37 /* XCRemoteSwiftPackageReference "firebase-ios-sdk" */ = {
			isa = XCRemoteSwiftPackageReference;
			repositoryURL = "https://github.com/firebase/firebase-ios-sdk";
			requirement = {
				kind = upToNextMajorVersion;
				minimumVersion = 10.0.0;
			};
		};
/* End XCRemoteSwiftPackageReference section */

/* Begin XCSwiftPackageProductDependency section */
		DB1C62302AA240CD00B9CE37 /* FirebaseAnalytics */ = {
			isa = XCSwiftPackageProductDependency;
			package = DB1C622F2AA240CD00B9CE37 /* XCRemoteSwiftPackageReference "firebase-ios-sdk" */;
			productName = FirebaseAnalytics;
		};
		DB1C62322AA240CD00B9CE37 /* FirebaseAuth */ = {
			isa = XCSwiftPackageProductDependency;
			package = DB1C622F2AA240CD00B9CE37 /* XCRemoteSwiftPackageReference "firebase-ios-sdk" */;
			productName = FirebaseAuth;
		};
		DB1C62342AA240CD00B9CE37 /* FirebaseFirestore */ = {
			isa = XCSwiftPackageProductDependency;
			package = DB1C622F2AA240CD00B9CE37 /* XCRemoteSwiftPackageReference "firebase-ios-sdk" */;
			productName = FirebaseFirestore;
		};
		DB1C62362AA240CD00B9CE37 /* FirebaseFirestoreSwift */ = {
			isa = XCSwiftPackageProductDependency;
			package = DB1C622F2AA240CD00B9CE37 /* XCRemoteSwiftPackageReference "firebase-ios-sdk" */;
			productName = FirebaseFirestoreSwift;
		};
		DB1C62382AA240CD00B9CE37 /* FirebaseFunctions */ = {
			isa = XCSwiftPackageProductDependency;
			package = DB1C622F2AA240CD00B9CE37 /* XCRemoteSwiftPackageReference "firebase-ios-sdk" */;
			productName = FirebaseFunctions;
		};
		DB1C623A2AA240CD00B9CE37 /* FirebaseStorage */ = {
			isa = XCSwiftPackageProductDependency;
			package = DB1C622F2AA240CD00B9CE37 /* XCRemoteSwiftPackageReference "firebase-ios-sdk" */;
			productName = FirebaseStorage;
		};
/* End XCSwiftPackageProductDependency section */
	};
	rootObject = DBF6DFCD2AA17F7D006548E7 /* Project object */;
}
